
Microsoft Visual Studio Solution File, Format Version 12.00
# Visual Studio Version 16
VisualStudioVersion = 16.0.33529.622
MinimumVisualStudioVersion = 10.0.40219.1
Project("{FAE04EC0-301F-11D3-BF4B-00C04F79EFBC}") = "ST_CSP_Projekt", "ST_CSP_Projekt\ST_CSP_Projekt.csproj", "{EA4D3EE2-C6AC-4D24-8E8A-0655D987302E}"
EndProject
Global
	GlobalSection(SolutionConfigurationPlatforms) = preSolution
		Debug|Any CPU = Debug|Any CPU
		Release|Any CPU = Release|Any CPU
	EndGlobalSection
	GlobalSection(ProjectConfigurationPlatforms) = postSolution
		{EA4D3EE2-C6AC-4D24-8E8A-0655D987302E}.Debug|Any CPU.ActiveCfg = Debug|Any CPU
		{EA4D3EE2-C6AC-4D24-8E8A-0655D987302E}.Debug|Any CPU.Build.0 = Debug|Any CPU
		{EA4D3EE2-C6AC-4D24-8E8A-0655D987302E}.Release|Any CPU.ActiveCfg = Release|Any CPU
		{EA4D3EE2-C6AC-4D24-8E8A-0655D987302E}.Release|Any CPU.Build.0 = Release|Any CPU
	EndGlobalSection
	GlobalSection(SolutionProperties) = preSolution
		HideSolutionNode = FALSE
	EndGlobalSection
	GlobalSection(ExtensibilityGlobals) = postSolution
		SolutionGuid = {D55501D0-530E-4697-B882-63BD9E8B4394}
	EndGlobalSection
EndGlobal
